
Microsoft Visual Studio Solution File, Format Version 12.00
# Visual Studio Version 17
VisualStudioVersion = 17.8.34525.116
MinimumVisualStudioVersion = 10.0.40219.1
Project("{2150E333-8FDC-42A3-9474-1A3956D46DE8}") = "authentication_Server", "authentication_Server", "{8D71D6B0-40E0-423B-B61D-4D90242FF9B2}"
EndProject
Project("{2150E333-8FDC-42A3-9474-1A3956D46DE8}") = "paymentGateway_Server", "paymentGateway_Server", "{9A2A42C4-744B-401A-AA36-130ABBF374BD}"
EndProject
Project("{2150E333-8FDC-42A3-9474-1A3956D46DE8}") = "order_Server", "order_Server", "{4EF0837B-6F1A-40D4-88BC-6A6426614EA6}"
EndProject
Project("{2150E333-8FDC-42A3-9474-1A3956D46DE8}") = "productCatalog_Server", "productCatalog_Server", "{62529141-3684-4373-85CC-D83C3F28B726}"
EndProject
Project("{2150E333-8FDC-42A3-9474-1A3956D46DE8}") = "Core", "Core", "{4E52492B-3CF1-4CCF-8BC2-00F9A41F4F04}"
EndProject
Project("{2150E333-8FDC-42A3-9474-1A3956D46DE8}") = "Infrastructure", "Infrastructure", "{6B2B2CD7-5D06-4227-A8F4-27113C1D3D89}"
EndProject
Project("{2150E333-8FDC-42A3-9474-1A3956D46DE8}") = "WebApi", "WebApi", "{F5A46070-547E-4DFD-BE34-A572D6F2C2CE}"
EndProject
Project("{2150E333-8FDC-42A3-9474-1A3956D46DE8}") = "Core", "Core", "{5B4A6B8E-ED02-412D-9BA1-378680B0EDF9}"
EndProject
Project("{2150E333-8FDC-42A3-9474-1A3956D46DE8}") = "Infrastructure", "Infrastructure", "{0AB8E423-101C-4649-AD51-8AA6621B232F}"
EndProject
Project("{2150E333-8FDC-42A3-9474-1A3956D46DE8}") = "WebApi", "WebApi", "{5FF83600-9452-442D-9924-F7438BCC891C}"
EndProject
Project("{2150E333-8FDC-42A3-9474-1A3956D46DE8}") = "Core", "Core", "{F7D80E88-D099-41E8-8354-C2F367E25E8A}"
EndProject
Project("{2150E333-8FDC-42A3-9474-1A3956D46DE8}") = "Infrastructure", "Infrastructure", "{75FE9970-4D21-4E67-93E7-7B693008B1F6}"
EndProject
Project("{2150E333-8FDC-42A3-9474-1A3956D46DE8}") = "WebApi", "WebApi", "{42B0662B-B5CD-4F21-8AE8-D64C43995CB6}"
EndProject
Project("{2150E333-8FDC-42A3-9474-1A3956D46DE8}") = "Core", "Core", "{FCC5F671-88CA-41CE-B963-7A0ABC2A6B01}"
EndProject
Project("{2150E333-8FDC-42A3-9474-1A3956D46DE8}") = "Infrastructure", "Infrastructure", "{22EFBAD4-D1E4-4799-A964-56E435ACFE06}"
EndProject
Project("{2150E333-8FDC-42A3-9474-1A3956D46DE8}") = "WebApi", "WebApi", "{BD23C2C2-2F31-4229-974F-DB9380DB60EF}"
EndProject
Project("{FAE04EC0-301F-11D3-BF4B-00C04F79EFBC}") = "authentication", "authentication_Server\WebApi\authentication\authentication.csproj", "{D7BAC3B0-EE89-4AA3-AE48-9FCC35E1F80E}"
EndProject
Project("{FAE04EC0-301F-11D3-BF4B-00C04F79EFBC}") = "Infrastructure", "authentication_Server\Infrastructure\Infrastructure\Infrastructure.csproj", "{EBFFC1ED-F42D-46C3-9EBE-C1429F69607B}"
EndProject
Project("{FAE04EC0-301F-11D3-BF4B-00C04F79EFBC}") = "Application", "authentication_Server\Core\Application\Application.csproj", "{9AD8734D-03BF-43D7-9D72-9440EC8D8560}"
EndProject
Project("{FAE04EC0-301F-11D3-BF4B-00C04F79EFBC}") = "Domain", "authentication_Server\Core\Domain\Domain.csproj", "{9430F5A6-0A23-4B52-B2B1-40194F111FD3}"
EndProject
Project("{FAE04EC0-301F-11D3-BF4B-00C04F79EFBC}") = "Application", "order_Server\Core\Application\Application.csproj", "{B3DE359E-9527-446D-9B3D-4B5651FB3145}"
EndProject
Project("{FAE04EC0-301F-11D3-BF4B-00C04F79EFBC}") = "Domain", "order_Server\Core\Domain\Domain.csproj", "{0404DF79-51B9-47F4-B190-987B998979C5}"
EndProject
Project("{FAE04EC0-301F-11D3-BF4B-00C04F79EFBC}") = "Infrastructure", "order_Server\Infrastructure\Infrastructure\Infrastructure.csproj", "{7EC72460-F11C-49EC-888C-B19F81916B42}"
EndProject
Project("{FAE04EC0-301F-11D3-BF4B-00C04F79EFBC}") = "order", "order_Server\WebApi\order\order.csproj", "{FEF5F3AC-2E02-4561-B67E-B015985F3843}"
EndProject
Project("{FAE04EC0-301F-11D3-BF4B-00C04F79EFBC}") = "Application", "paymentGateway_Server\Core\Application\Application.csproj", "{004CE77D-11E8-472B-844A-E08E7EA4CF3F}"
EndProject
Project("{FAE04EC0-301F-11D3-BF4B-00C04F79EFBC}") = "Domain", "paymentGateway_Server\Core\Domain\Domain.csproj", "{9AE876C9-890D-4776-9D7B-00AD574E9EDE}"
EndProject
Project("{FAE04EC0-301F-11D3-BF4B-00C04F79EFBC}") = "Infrastructure", "paymentGateway_Server\Infrastructure\Infrastructure\Infrastructure.csproj", "{4DD016A1-FCE0-4D98-B2F4-6927B78DF3F1}"
EndProject
Project("{FAE04EC0-301F-11D3-BF4B-00C04F79EFBC}") = "paymentGateway", "paymentGateway_Server\WebApi\paymentGateway\paymentGateway.csproj", "{F43A86D0-EDFC-4FF4-A200-3346CA0D1161}"
EndProject
Project("{FAE04EC0-301F-11D3-BF4B-00C04F79EFBC}") = "Application", "productCatalog_Server\Core\Application\Application.csproj", "{CB6454C7-8DB1-4ACC-AA1B-A2ADFF6F7344}"
EndProject
Project("{FAE04EC0-301F-11D3-BF4B-00C04F79EFBC}") = "Domain", "productCatalog_Server\Core\Domain\Domain.csproj", "{3DA8662D-7510-4424-AEEA-21855328ED04}"
EndProject
Project("{FAE04EC0-301F-11D3-BF4B-00C04F79EFBC}") = "infrastructure", "productCatalog_Server\Infrastructure\infrastructure\infrastructure.csproj", "{D72AEF4F-E44B-4787-8491-DA153B380498}"
EndProject
Project("{FAE04EC0-301F-11D3-BF4B-00C04F79EFBC}") = "productCatalog", "productCatalog_Server\WebApi\productCatalog\productCatalog.csproj", "{88FFC33D-7431-4C2D-BE10-F8CE043A008B}"
EndProject
Global
	GlobalSection(SolutionConfigurationPlatforms) = preSolution
		Debug|Any CPU = Debug|Any CPU
		Release|Any CPU = Release|Any CPU
	EndGlobalSection
	GlobalSection(ProjectConfigurationPlatforms) = postSolution
		{D7BAC3B0-EE89-4AA3-AE48-9FCC35E1F80E}.Debug|Any CPU.ActiveCfg = Debug|Any CPU
		{D7BAC3B0-EE89-4AA3-AE48-9FCC35E1F80E}.Debug|Any CPU.Build.0 = Debug|Any CPU
		{D7BAC3B0-EE89-4AA3-AE48-9FCC35E1F80E}.Release|Any CPU.ActiveCfg = Release|Any CPU
		{D7BAC3B0-EE89-4AA3-AE48-9FCC35E1F80E}.Release|Any CPU.Build.0 = Release|Any CPU
		{EBFFC1ED-F42D-46C3-9EBE-C1429F69607B}.Debug|Any CPU.ActiveCfg = Debug|Any CPU
		{EBFFC1ED-F42D-46C3-9EBE-C1429F69607B}.Debug|Any CPU.Build.0 = Debug|Any CPU
		{EBFFC1ED-F42D-46C3-9EBE-C1429F69607B}.Release|Any CPU.ActiveCfg = Release|Any CPU
		{EBFFC1ED-F42D-46C3-9EBE-C1429F69607B}.Release|Any CPU.Build.0 = Release|Any CPU
		{9AD8734D-03BF-43D7-9D72-9440EC8D8560}.Debug|Any CPU.ActiveCfg = Debug|Any CPU
		{9AD8734D-03BF-43D7-9D72-9440EC8D8560}.Debug|Any CPU.Build.0 = Debug|Any CPU
		{9AD8734D-03BF-43D7-9D72-9440EC8D8560}.Release|Any CPU.ActiveCfg = Release|Any CPU
		{9AD8734D-03BF-43D7-9D72-9440EC8D8560}.Release|Any CPU.Build.0 = Release|Any CPU
		{9430F5A6-0A23-4B52-B2B1-40194F111FD3}.Debug|Any CPU.ActiveCfg = Debug|Any CPU
		{9430F5A6-0A23-4B52-B2B1-40194F111FD3}.Debug|Any CPU.Build.0 = Debug|Any CPU
		{9430F5A6-0A23-4B52-B2B1-40194F111FD3}.Release|Any CPU.ActiveCfg = Release|Any CPU
		{9430F5A6-0A23-4B52-B2B1-40194F111FD3}.Release|Any CPU.Build.0 = Release|Any CPU
		{B3DE359E-9527-446D-9B3D-4B5651FB3145}.Debug|Any CPU.ActiveCfg = Debug|Any CPU
		{B3DE359E-9527-446D-9B3D-4B5651FB3145}.Debug|Any CPU.Build.0 = Debug|Any CPU
		{B3DE359E-9527-446D-9B3D-4B5651FB3145}.Release|Any CPU.ActiveCfg = Release|Any CPU
		{B3DE359E-9527-446D-9B3D-4B5651FB3145}.Release|Any CPU.Build.0 = Release|Any CPU
		{0404DF79-51B9-47F4-B190-987B998979C5}.Debug|Any CPU.ActiveCfg = Debug|Any CPU
		{0404DF79-51B9-47F4-B190-987B998979C5}.Debug|Any CPU.Build.0 = Debug|Any CPU
		{0404DF79-51B9-47F4-B190-987B998979C5}.Release|Any CPU.ActiveCfg = Release|Any CPU
		{0404DF79-51B9-47F4-B190-987B998979C5}.Release|Any CPU.Build.0 = Release|Any CPU
		{7EC72460-F11C-49EC-888C-B19F81916B42}.Debug|Any CPU.ActiveCfg = Debug|Any CPU
		{7EC72460-F11C-49EC-888C-B19F81916B42}.Debug|Any CPU.Build.0 = Debug|Any CPU
		{7EC72460-F11C-49EC-888C-B19F81916B42}.Release|Any CPU.ActiveCfg = Release|Any CPU
		{7EC72460-F11C-49EC-888C-B19F81916B42}.Release|Any CPU.Build.0 = Release|Any CPU
		{FEF5F3AC-2E02-4561-B67E-B015985F3843}.Debug|Any CPU.ActiveCfg = Debug|Any CPU
		{FEF5F3AC-2E02-4561-B67E-B015985F3843}.Debug|Any CPU.Build.0 = Debug|Any CPU
		{FEF5F3AC-2E02-4561-B67E-B015985F3843}.Release|Any CPU.ActiveCfg = Release|Any CPU
		{FEF5F3AC-2E02-4561-B67E-B015985F3843}.Release|Any CPU.Build.0 = Release|Any CPU
		{004CE77D-11E8-472B-844A-E08E7EA4CF3F}.Debug|Any CPU.ActiveCfg = Debug|Any CPU
		{004CE77D-11E8-472B-844A-E08E7EA4CF3F}.Debug|Any CPU.Build.0 = Debug|Any CPU
		{004CE77D-11E8-472B-844A-E08E7EA4CF3F}.Release|Any CPU.ActiveCfg = Release|Any CPU
		{004CE77D-11E8-472B-844A-E08E7EA4CF3F}.Release|Any CPU.Build.0 = Release|Any CPU
		{9AE876C9-890D-4776-9D7B-00AD574E9EDE}.Debug|Any CPU.ActiveCfg = Debug|Any CPU
		{9AE876C9-890D-4776-9D7B-00AD574E9EDE}.Debug|Any CPU.Build.0 = Debug|Any CPU
		{9AE876C9-890D-4776-9D7B-00AD574E9EDE}.Release|Any CPU.ActiveCfg = Release|Any CPU
		{9AE876C9-890D-4776-9D7B-00AD574E9EDE}.Release|Any CPU.Build.0 = Release|Any CPU
		{4DD016A1-FCE0-4D98-B2F4-6927B78DF3F1}.Debug|Any CPU.ActiveCfg = Debug|Any CPU
		{4DD016A1-FCE0-4D98-B2F4-6927B78DF3F1}.Debug|Any CPU.Build.0 = Debug|Any CPU
		{4DD016A1-FCE0-4D98-B2F4-6927B78DF3F1}.Release|Any CPU.ActiveCfg = Release|Any CPU
		{4DD016A1-FCE0-4D98-B2F4-6927B78DF3F1}.Release|Any CPU.Build.0 = Release|Any CPU
		{F43A86D0-EDFC-4FF4-A200-3346CA0D1161}.Debug|Any CPU.ActiveCfg = Debug|Any CPU
		{F43A86D0-EDFC-4FF4-A200-3346CA0D1161}.Debug|Any CPU.Build.0 = Debug|Any CPU
		{F43A86D0-EDFC-4FF4-A200-3346CA0D1161}.Release|Any CPU.ActiveCfg = Release|Any CPU
		{F43A86D0-EDFC-4FF4-A200-3346CA0D1161}.Release|Any CPU.Build.0 = Release|Any CPU
		{CB6454C7-8DB1-4ACC-AA1B-A2ADFF6F7344}.Debug|Any CPU.ActiveCfg = Debug|Any CPU
		{CB6454C7-8DB1-4ACC-AA1B-A2ADFF6F7344}.Debug|Any CPU.Build.0 = Debug|Any CPU
		{CB6454C7-8DB1-4ACC-AA1B-A2ADFF6F7344}.Release|Any CPU.ActiveCfg = Release|Any CPU
		{CB6454C7-8DB1-4ACC-AA1B-A2ADFF6F7344}.Release|Any CPU.Build.0 = Release|Any CPU
		{3DA8662D-7510-4424-AEEA-21855328ED04}.Debug|Any CPU.ActiveCfg = Debug|Any CPU
		{3DA8662D-7510-4424-AEEA-21855328ED04}.Debug|Any CPU.Build.0 = Debug|Any CPU
		{3DA8662D-7510-4424-AEEA-21855328ED04}.Release|Any CPU.ActiveCfg = Release|Any CPU
		{3DA8662D-7510-4424-AEEA-21855328ED04}.Release|Any CPU.Build.0 = Release|Any CPU
		{D72AEF4F-E44B-4787-8491-DA153B380498}.Debug|Any CPU.ActiveCfg = Debug|Any CPU
		{D72AEF4F-E44B-4787-8491-DA153B380498}.Debug|Any CPU.Build.0 = Debug|Any CPU
		{D72AEF4F-E44B-4787-8491-DA153B380498}.Release|Any CPU.ActiveCfg = Release|Any CPU
		{D72AEF4F-E44B-4787-8491-DA153B380498}.Release|Any CPU.Build.0 = Release|Any CPU
		{88FFC33D-7431-4C2D-BE10-F8CE043A008B}.Debug|Any CPU.ActiveCfg = Debug|Any CPU
		{88FFC33D-7431-4C2D-BE10-F8CE043A008B}.Debug|Any CPU.Build.0 = Debug|Any CPU
		{88FFC33D-7431-4C2D-BE10-F8CE043A008B}.Release|Any CPU.ActiveCfg = Release|Any CPU
		{88FFC33D-7431-4C2D-BE10-F8CE043A008B}.Release|Any CPU.Build.0 = Release|Any CPU
	EndGlobalSection
	GlobalSection(SolutionProperties) = preSolution
		HideSolutionNode = FALSE
	EndGlobalSection
	GlobalSection(NestedProjects) = preSolution
		{4E52492B-3CF1-4CCF-8BC2-00F9A41F4F04} = {8D71D6B0-40E0-423B-B61D-4D90242FF9B2}
		{6B2B2CD7-5D06-4227-A8F4-27113C1D3D89} = {8D71D6B0-40E0-423B-B61D-4D90242FF9B2}
		{F5A46070-547E-4DFD-BE34-A572D6F2C2CE} = {8D71D6B0-40E0-423B-B61D-4D90242FF9B2}
		{5B4A6B8E-ED02-412D-9BA1-378680B0EDF9} = {4EF0837B-6F1A-40D4-88BC-6A6426614EA6}
		{0AB8E423-101C-4649-AD51-8AA6621B232F} = {4EF0837B-6F1A-40D4-88BC-6A6426614EA6}
		{5FF83600-9452-442D-9924-F7438BCC891C} = {4EF0837B-6F1A-40D4-88BC-6A6426614EA6}
		{F7D80E88-D099-41E8-8354-C2F367E25E8A} = {9A2A42C4-744B-401A-AA36-130ABBF374BD}
		{75FE9970-4D21-4E67-93E7-7B693008B1F6} = {9A2A42C4-744B-401A-AA36-130ABBF374BD}
		{42B0662B-B5CD-4F21-8AE8-D64C43995CB6} = {9A2A42C4-744B-401A-AA36-130ABBF374BD}
		{FCC5F671-88CA-41CE-B963-7A0ABC2A6B01} = {62529141-3684-4373-85CC-D83C3F28B726}
		{22EFBAD4-D1E4-4799-A964-56E435ACFE06} = {62529141-3684-4373-85CC-D83C3F28B726}
		{BD23C2C2-2F31-4229-974F-DB9380DB60EF} = {62529141-3684-4373-85CC-D83C3F28B726}
		{D7BAC3B0-EE89-4AA3-AE48-9FCC35E1F80E} = {F5A46070-547E-4DFD-BE34-A572D6F2C2CE}
		{EBFFC1ED-F42D-46C3-9EBE-C1429F69607B} = {6B2B2CD7-5D06-4227-A8F4-27113C1D3D89}
		{9AD8734D-03BF-43D7-9D72-9440EC8D8560} = {4E52492B-3CF1-4CCF-8BC2-00F9A41F4F04}
		{9430F5A6-0A23-4B52-B2B1-40194F111FD3} = {4E52492B-3CF1-4CCF-8BC2-00F9A41F4F04}
		{B3DE359E-9527-446D-9B3D-4B5651FB3145} = {5B4A6B8E-ED02-412D-9BA1-378680B0EDF9}
		{0404DF79-51B9-47F4-B190-987B998979C5} = {5B4A6B8E-ED02-412D-9BA1-378680B0EDF9}
		{7EC72460-F11C-49EC-888C-B19F81916B42} = {0AB8E423-101C-4649-AD51-8AA6621B232F}
		{FEF5F3AC-2E02-4561-B67E-B015985F3843} = {5FF83600-9452-442D-9924-F7438BCC891C}
		{004CE77D-11E8-472B-844A-E08E7EA4CF3F} = {F7D80E88-D099-41E8-8354-C2F367E25E8A}
		{9AE876C9-890D-4776-9D7B-00AD574E9EDE} = {F7D80E88-D099-41E8-8354-C2F367E25E8A}
		{4DD016A1-FCE0-4D98-B2F4-6927B78DF3F1} = {75FE9970-4D21-4E67-93E7-7B693008B1F6}
		{F43A86D0-EDFC-4FF4-A200-3346CA0D1161} = {42B0662B-B5CD-4F21-8AE8-D64C43995CB6}
		{CB6454C7-8DB1-4ACC-AA1B-A2ADFF6F7344} = {FCC5F671-88CA-41CE-B963-7A0ABC2A6B01}
		{3DA8662D-7510-4424-AEEA-21855328ED04} = {FCC5F671-88CA-41CE-B963-7A0ABC2A6B01}
		{D72AEF4F-E44B-4787-8491-DA153B380498} = {22EFBAD4-D1E4-4799-A964-56E435ACFE06}
		{88FFC33D-7431-4C2D-BE10-F8CE043A008B} = {BD23C2C2-2F31-4229-974F-DB9380DB60EF}
	EndGlobalSection
	GlobalSection(ExtensibilityGlobals) = postSolution
		SolutionGuid = {4BF29390-CAAE-4D1A-8577-E61BEB7DC77D}
	EndGlobalSection
EndGlobal
